# Code generated by scarb DO NOT EDIT.
version = 1

[[package]]
name = "alexandria_bytes"
version = "0.1.0"
source = "git+https://github.com/dew-labs/alexandria.git?tag=v2.8.2#475eaf015f4e997cff8ec31a5e7b4ab3f9a86e32"
dependencies = [
 "alexandria_data_structures",
 "alexandria_math",
]

[[package]]
name = "alexandria_data_structures"
version = "0.2.0"
source = "git+https://github.com/dew-labs/alexandria.git?tag=v2.8.2#475eaf015f4e997cff8ec31a5e7b4ab3f9a86e32"
dependencies = [
 "alexandria_encoding",
]

[[package]]
name = "alexandria_encoding"
version = "0.1.0"
source = "git+https://github.com/dew-labs/alexandria.git?tag=v2.8.2#475eaf015f4e997cff8ec31a5e7b4ab3f9a86e32"
dependencies = [
 "alexandria_bytes",
 "alexandria_math",
 "alexandria_numeric",
]

[[package]]
name = "alexandria_math"
version = "0.2.1"
source = "git+https://github.com/dew-labs/alexandria.git?tag=v2.8.2#475eaf015f4e997cff8ec31a5e7b4ab3f9a86e32"

[[package]]
name = "alexandria_numeric"
version = "0.1.0"
source = "git+https://github.com/dew-labs/alexandria.git?tag=v2.8.2#475eaf015f4e997cff8ec31a5e7b4ab3f9a86e32"
dependencies = [
 "alexandria_math",
 "alexandria_searching",
]

[[package]]
name = "alexandria_searching"
version = "0.1.0"
source = "git+https://github.com/dew-labs/alexandria.git?tag=v2.8.2#475eaf015f4e997cff8ec31a5e7b4ab3f9a86e32"
dependencies = [
 "alexandria_data_structures",
]

[[package]]
name = "alexandria_sorting"
version = "0.1.0"
source = "git+https://github.com/dew-labs/alexandria.git?tag=v2.8.2#475eaf015f4e997cff8ec31a5e7b4ab3f9a86e32"
dependencies = [
 "alexandria_data_structures",
]

[[package]]
name = "alexandria_storage"
version = "0.3.0"
source = "git+https://github.com/dew-labs/alexandria.git?tag=v2.8.2#475eaf015f4e997cff8ec31a5e7b4ab3f9a86e32"

[[package]]
name = "openzeppelin"
version = "0.18.0"
source = "git+https://github.com/OpenZeppelin/cairo-contracts.git?tag=v0.18.0#2f37306b490e63c0afa9e33ad192ba428141b487"
dependencies = [
 "openzeppelin_access",
 "openzeppelin_account",
 "openzeppelin_finance",
 "openzeppelin_governance",
 "openzeppelin_introspection",
 "openzeppelin_merkle_tree",
 "openzeppelin_presets",
 "openzeppelin_security",
 "openzeppelin_token",
 "openzeppelin_upgrades",
 "openzeppelin_utils",
]

[[package]]
name = "openzeppelin_access"
version = "0.18.0"
source = "git+https://github.com/OpenZeppelin/cairo-contracts.git?tag=v0.18.0#2f37306b490e63c0afa9e33ad192ba428141b487"
dependencies = [
 "openzeppelin_introspection",
 "openzeppelin_utils",
]

[[package]]
name = "openzeppelin_account"
version = "0.18.0"
source = "git+https://github.com/OpenZeppelin/cairo-contracts.git?tag=v0.18.0#2f37306b490e63c0afa9e33ad192ba428141b487"
dependencies = [
 "openzeppelin_introspection",
 "openzeppelin_utils",
]

[[package]]
name = "openzeppelin_finance"
version = "0.18.0"
source = "git+https://github.com/OpenZeppelin/cairo-contracts.git?tag=v0.18.0#2f37306b490e63c0afa9e33ad192ba428141b487"
dependencies = [
 "openzeppelin_access",
 "openzeppelin_token",
]

[[package]]
name = "openzeppelin_governance"
version = "0.18.0"
source = "git+https://github.com/OpenZeppelin/cairo-contracts.git?tag=v0.18.0#2f37306b490e63c0afa9e33ad192ba428141b487"
dependencies = [
 "openzeppelin_access",
 "openzeppelin_account",
 "openzeppelin_introspection",
 "openzeppelin_token",
]

[[package]]
name = "openzeppelin_introspection"
version = "0.18.0"
source = "git+https://github.com/OpenZeppelin/cairo-contracts.git?tag=v0.18.0#2f37306b490e63c0afa9e33ad192ba428141b487"

[[package]]
name = "openzeppelin_merkle_tree"
version = "0.18.0"
source = "git+https://github.com/OpenZeppelin/cairo-contracts.git?tag=v0.18.0#2f37306b490e63c0afa9e33ad192ba428141b487"

[[package]]
name = "openzeppelin_presets"
version = "0.18.0"
source = "git+https://github.com/OpenZeppelin/cairo-contracts.git?tag=v0.18.0#2f37306b490e63c0afa9e33ad192ba428141b487"
dependencies = [
 "openzeppelin_access",
 "openzeppelin_account",
 "openzeppelin_finance",
 "openzeppelin_introspection",
 "openzeppelin_token",
 "openzeppelin_upgrades",
 "openzeppelin_utils",
]

[[package]]
name = "openzeppelin_security"
version = "0.18.0"
source = "git+https://github.com/OpenZeppelin/cairo-contracts.git?tag=v0.18.0#2f37306b490e63c0afa9e33ad192ba428141b487"

[[package]]
name = "openzeppelin_token"
version = "0.18.0"
source = "git+https://github.com/OpenZeppelin/cairo-contracts.git?tag=v0.18.0#2f37306b490e63c0afa9e33ad192ba428141b487"
dependencies = [
 "openzeppelin_account",
 "openzeppelin_introspection",
 "openzeppelin_utils",
]

[[package]]
name = "openzeppelin_upgrades"
version = "0.18.0"
source = "git+https://github.com/OpenZeppelin/cairo-contracts.git?tag=v0.18.0#2f37306b490e63c0afa9e33ad192ba428141b487"

[[package]]
name = "openzeppelin_utils"
version = "0.18.0"
source = "git+https://github.com/OpenZeppelin/cairo-contracts.git?tag=v0.18.0#2f37306b490e63c0afa9e33ad192ba428141b487"

[[package]]
name = "pragma_lib"
version = "1.0.0"
source = "git+https://github.com/astraly-labs/pragma-lib?tag=2.8.2#86d7ccdc15b349b8b48d9796fc8464c947bea6e1"

[[package]]
name = "satoru"
version = "0.1.0"
dependencies = [
 "alexandria_data_structures",
 "alexandria_math",
 "alexandria_sorting",
 "alexandria_storage",
 "openzeppelin",
 "pragma_lib",
 "snforge_std",
]

[[package]]
name = "snforge_scarb_plugin"
version = "0.32.0"
source = "git+https://github.com/foundry-rs/starknet-foundry.git?tag=v0.32.0#3817c903b640201c72e743b9bbe70a97149828a2"

[[package]]
name = "snforge_std"
version = "0.32.0"
source = "git+https://github.com/foundry-rs/starknet-foundry.git?tag=v0.32.0#3817c903b640201c72e743b9bbe70a97149828a2"
dependencies = [
 "snforge_scarb_plugin",
]
